{
  "name": "@repo/typescript-config",
  "version": "1.0.0",
  "lockfileVersion": 3,
  "requires": true,
  "packages": {
    "": {
      "name": "@repo/typescript-config",
      "version": "1.0.0",
      "license": "MIT",
      "devDependencies": {
        "@tsconfig/node20": "^20.1.4"
      }
    },
    "../../node_modules/.pnpm/@tsconfig+node20@20.1.4/node_modules/@tsconfig/node20": {
      "version": "20.1.4",
      "dev": true,
      "license": "MIT"
    },
    "node_modules/@tsconfig/node20": {
      "resolved": "../../node_modules/.pnpm/@tsconfig+node20@20.1.4/node_modules/@tsconfig/node20",
      "link": true
    }
  }
}
